
Microsoft Visual Studio Solution File, Format Version 12.00
# Visual Studio Version 17
VisualStudioVersion = 17.0.31903.59
MinimumVisualStudioVersion = 10.0.40219.1
Project("{FAE04EC0-301F-11D3-BF4B-00C04F79EFBC}") = "SocketCore", "SocketCore\SocketCore.csproj", "{DEF75AC6-EE1E-49EE-BBC4-080605979771}"
EndProject
Project("{FAE04EC0-301F-11D3-BF4B-00C04F79EFBC}") = "TestClient", "TestClient\TestClient.csproj", "{6188C28B-9017-435F-ADB2-765E415067FD}"
EndProject
Project("{FAE04EC0-301F-11D3-BF4B-00C04F79EFBC}") = "TestServer", "TestServer\TestServer.csproj", "{F3C79498-65F8-4BB0-AD1F-5F63A165BA62}"
EndProject
Project("{FAE04EC0-301F-11D3-BF4B-00C04F79EFBC}") = "TestApi", "TestApi\TestApi.csproj", "{BFC55D66-E288-4442-9713-05CC5490E56E}"
EndProject
Global
	GlobalSection(SolutionConfigurationPlatforms) = preSolution
		Debug|Any CPU = Debug|Any CPU
		Release|Any CPU = Release|Any CPU
	EndGlobalSection
	GlobalSection(SolutionProperties) = preSolution
		HideSolutionNode = FALSE
	EndGlobalSection
	GlobalSection(ProjectConfigurationPlatforms) = postSolution
		{DEF75AC6-EE1E-49EE-BBC4-080605979771}.Debug|Any CPU.ActiveCfg = Debug|Any CPU
		{DEF75AC6-EE1E-49EE-BBC4-080605979771}.Debug|Any CPU.Build.0 = Debug|Any CPU
		{DEF75AC6-EE1E-49EE-BBC4-080605979771}.Release|Any CPU.ActiveCfg = Release|Any CPU
		{DEF75AC6-EE1E-49EE-BBC4-080605979771}.Release|Any CPU.Build.0 = Release|Any CPU
		{6188C28B-9017-435F-ADB2-765E415067FD}.Debug|Any CPU.ActiveCfg = Debug|Any CPU
		{6188C28B-9017-435F-ADB2-765E415067FD}.Debug|Any CPU.Build.0 = Debug|Any CPU
		{6188C28B-9017-435F-ADB2-765E415067FD}.Release|Any CPU.ActiveCfg = Release|Any CPU
		{6188C28B-9017-435F-ADB2-765E415067FD}.Release|Any CPU.Build.0 = Release|Any CPU
		{F3C79498-65F8-4BB0-AD1F-5F63A165BA62}.Debug|Any CPU.ActiveCfg = Debug|Any CPU
		{F3C79498-65F8-4BB0-AD1F-5F63A165BA62}.Debug|Any CPU.Build.0 = Debug|Any CPU
		{F3C79498-65F8-4BB0-AD1F-5F63A165BA62}.Release|Any CPU.ActiveCfg = Release|Any CPU
		{F3C79498-65F8-4BB0-AD1F-5F63A165BA62}.Release|Any CPU.Build.0 = Release|Any CPU
		{BFC55D66-E288-4442-9713-05CC5490E56E}.Debug|Any CPU.ActiveCfg = Debug|Any CPU
		{BFC55D66-E288-4442-9713-05CC5490E56E}.Debug|Any CPU.Build.0 = Debug|Any CPU
		{BFC55D66-E288-4442-9713-05CC5490E56E}.Release|Any CPU.ActiveCfg = Release|Any CPU
		{BFC55D66-E288-4442-9713-05CC5490E56E}.Release|Any CPU.Build.0 = Release|Any CPU
	EndGlobalSection
EndGlobal
